// !$*UTF8*$!
{
	archiveVersion = 1;
	classes = {
	};
	objectVersion = 56;
	objects = {

/* Begin PBXBuildFile section */
		4241A6092B03905D003CE337 /* WhatsAppCloneApp.swift in Sources */ = {isa = PBXBuildFile; fileRef = 4241A6082B03905D003CE337 /* WhatsAppCloneApp.swift */; };
		4241A60D2B03905E003CE337 /* Assets.xcassets in Resources */ = {isa = PBXBuildFile; fileRef = 4241A60C2B03905E003CE337 /* Assets.xcassets */; };
		4241A6102B03905E003CE337 /* Preview Assets.xcassets in Resources */ = {isa = PBXBuildFile; fileRef = 4241A60F2B03905E003CE337 /* Preview Assets.xcassets */; };
		4241A6212B04F01D003CE337 /* UpdatesModelView.swift in Sources */ = {isa = PBXBuildFile; fileRef = 4241A6202B04F01D003CE337 /* UpdatesModelView.swift */; };
		4241A6232B04F042003CE337 /* CallsModelView.swift in Sources */ = {isa = PBXBuildFile; fileRef = 4241A6222B04F042003CE337 /* CallsModelView.swift */; };
		4241A6252B04F06B003CE337 /* CommunitiesModelView.swift in Sources */ = {isa = PBXBuildFile; fileRef = 4241A6242B04F06B003CE337 /* CommunitiesModelView.swift */; };
		4241A6272B04F098003CE337 /* SettingsModelView.swift in Sources */ = {isa = PBXBuildFile; fileRef = 4241A6262B04F098003CE337 /* SettingsModelView.swift */; };
		4241A6292B04F8ED003CE337 /* ChatListView.swift in Sources */ = {isa = PBXBuildFile; fileRef = 4241A6282B04F8ED003CE337 /* ChatListView.swift */; };
		42DAE1C32B061C9C00C9DDAD /* Chats.swift in Sources */ = {isa = PBXBuildFile; fileRef = 42DAE1C22B061C9C00C9DDAD /* Chats.swift */; };
		42DAE1C62B063E2300C9DDAD /* LIstOfChats.swift in Sources */ = {isa = PBXBuildFile; fileRef = 42DAE1C52B063E2300C9DDAD /* LIstOfChats.swift */; };
		42DAE1C82B075AF300C9DDAD /* ChatDetailView.swift in Sources */ = {isa = PBXBuildFile; fileRef = 42DAE1C72B075AF300C9DDAD /* ChatDetailView.swift */; };
/* End PBXBuildFile section */

/* Begin PBXFileReference section */
		4241A6052B03905D003CE337 /* WhatsAppClone.app */ = {isa = PBXFileReference; explicitFileType = wrapper.application; includeInIndex = 0; path = WhatsAppClone.app; sourceTree = BUILT_PRODUCTS_DIR; };
		4241A6082B03905D003CE337 /* WhatsAppCloneApp.swift */ = {isa = PBXFileReference; lastKnownFileType = sourcecode.swift; path = WhatsAppCloneApp.swift; sourceTree = "<group>"; };
		4241A60C2B03905E003CE337 /* Assets.xcassets */ = {isa = PBXFileReference; lastKnownFileType = folder.assetcatalog; path = Assets.xcassets; sourceTree = "<group>"; };
		4241A60F2B03905E003CE337 /* Preview Assets.xcassets */ = {isa = PBXFileReference; lastKnownFileType = folder.assetcatalog; path = "Preview Assets.xcassets"; sourceTree = "<group>"; };
		4241A6202B04F01D003CE337 /* UpdatesModelView.swift */ = {isa = PBXFileReference; lastKnownFileType = sourcecode.swift; path = UpdatesModelView.swift; sourceTree = "<group>"; };
		4241A6222B04F042003CE337 /* CallsModelView.swift */ = {isa = PBXFileReference; lastKnownFileType = sourcecode.swift; path = CallsModelView.swift; sourceTree = "<group>"; };
		4241A6242B04F06B003CE337 /* CommunitiesModelView.swift */ = {isa = PBXFileReference; lastKnownFileType = sourcecode.swift; path = CommunitiesModelView.swift; sourceTree = "<group>"; };
		4241A6262B04F098003CE337 /* SettingsModelView.swift */ = {isa = PBXFileReference; lastKnownFileType = sourcecode.swift; path = SettingsModelView.swift; sourceTree = "<group>"; };
		4241A6282B04F8ED003CE337 /* ChatListView.swift */ = {isa = PBXFileReference; lastKnownFileType = sourcecode.swift; path = ChatListView.swift; sourceTree = "<group>"; };
		42DAE1C22B061C9C00C9DDAD /* Chats.swift */ = {isa = PBXFileReference; lastKnownFileType = sourcecode.swift; path = Chats.swift; sourceTree = "<group>"; };
		42DAE1C52B063E2300C9DDAD /* LIstOfChats.swift */ = {isa = PBXFileReference; lastKnownFileType = sourcecode.swift; path = LIstOfChats.swift; sourceTree = "<group>"; };
		42DAE1C72B075AF300C9DDAD /* ChatDetailView.swift */ = {isa = PBXFileReference; lastKnownFileType = sourcecode.swift; path = ChatDetailView.swift; sourceTree = "<group>"; };
/* End PBXFileReference section */

/* Begin PBXFrameworksBuildPhase section */
		4241A6022B03905D003CE337 /* Frameworks */ = {
			isa = PBXFrameworksBuildPhase;
			buildActionMask = 2147483647;
			files = (
			);
			runOnlyForDeploymentPostprocessing = 0;
		};
/* End PBXFrameworksBuildPhase section */

/* Begin PBXGroup section */
		4241A5FC2B03905D003CE337 = {
			isa = PBXGroup;
			children = (
				4241A6072B03905D003CE337 /* WhatsAppClone */,
				4241A6202B04F01D003CE337 /* UpdatesModelView.swift */,
				4241A6222B04F042003CE337 /* CallsModelView.swift */,
				4241A6242B04F06B003CE337 /* CommunitiesModelView.swift */,
				42E619FA2B0CB2900082795A /* ChatModel */,
				4241A6262B04F098003CE337 /* SettingsModelView.swift */,
				42DAE1C42B061CB000C9DDAD /* Model */,
				4241A6062B03905D003CE337 /* Products */,
			);
			sourceTree = "<group>";
		};
		4241A6062B03905D003CE337 /* Products */ = {
			isa = PBXGroup;
			children = (
				4241A6052B03905D003CE337 /* WhatsAppClone.app */,
			);
			name = Products;
			sourceTree = "<group>";
		};
		4241A6072B03905D003CE337 /* WhatsAppClone */ = {
			isa = PBXGroup;
			children = (
				4241A6082B03905D003CE337 /* WhatsAppCloneApp.swift */,
				4241A60C2B03905E003CE337 /* Assets.xcassets */,
				4241A60E2B03905E003CE337 /* Preview Content */,
			);
			path = WhatsAppClone;
			sourceTree = "<group>";
		};
		4241A60E2B03905E003CE337 /* Preview Content */ = {
			isa = PBXGroup;
			children = (
				4241A60F2B03905E003CE337 /* Preview Assets.xcassets */,
			);
			path = "Preview Content";
			sourceTree = "<group>";
		};
		42DAE1C42B061CB000C9DDAD /* Model */ = {
			isa = PBXGroup;
			children = (
				42DAE1C22B061C9C00C9DDAD /* Chats.swift */,
				42DAE1C52B063E2300C9DDAD /* LIstOfChats.swift */,
			);
			path = Model;
			sourceTree = "<group>";
		};
		42E619FA2B0CB2900082795A /* ChatModel */ = {
			isa = PBXGroup;
			children = (
				4241A6282B04F8ED003CE337 /* ChatListView.swift */,
				42DAE1C72B075AF300C9DDAD /* ChatDetailView.swift */,
			);
			name = ChatModel;
			sourceTree = "<group>";
		};
/* End PBXGroup section */

/* Begin PBXNativeTarget section */
		4241A6042B03905D003CE337 /* WhatsAppClone */ = {
			isa = PBXNativeTarget;
			buildConfigurationList = 4241A6132B03905E003CE337 /* Build configuration list for PBXNativeTarget "WhatsAppClone" */;
			buildPhases = (
				4241A6012B03905D003CE337 /* Sources */,
				4241A6022B03905D003CE337 /* Frameworks */,
				4241A6032B03905D003CE337 /* Resources */,
			);
			buildRules = (
			);
			dependencies = (
			);
			name = WhatsAppClone;
			productName = WhatsAppClone;
			productReference = 4241A6052B03905D003CE337 /* WhatsAppClone.app */;
			productType = "com.apple.product-type.application";
		};
/* End PBXNativeTarget section */

/* Begin PBXProject section */
		4241A5FD2B03905D003CE337 /* Project object */ = {
			isa = PBXProject;
			attributes = {
				BuildIndependentTargetsInParallel = 1;
				LastSwiftUpdateCheck = 1500;
				LastUpgradeCheck = 1500;
				TargetAttributes = {
					4241A6042B03905D003CE337 = {
						CreatedOnToolsVersion = 15.0;
					};
				};
			};
			buildConfigurationList = 4241A6002B03905D003CE337 /* Build configuration list for PBXProject "WhatsAppClone" */;
			compatibilityVersion = "Xcode 14.0";
			developmentRegion = en;
			hasScannedForEncodings = 0;
			knownRegions = (
				en,
				Base,
			);
			mainGroup = 4241A5FC2B03905D003CE337;
			productRefGroup = 4241A6062B03905D003CE337 /* Products */;
			projectDirPath = "";
			projectRoot = "";
			targets = (
				4241A6042B03905D003CE337 /* WhatsAppClone */,
			);
		};
/* End PBXProject section */

/* Begin PBXResourcesBuildPhase section */
		4241A6032B03905D003CE337 /* Resources */ = {
			isa = PBXResourcesBuildPhase;
			buildActionMask = 2147483647;
			files = (
				4241A6102B03905E003CE337 /* Preview Assets.xcassets in Resources */,
				4241A60D2B03905E003CE337 /* Assets.xcassets in Resources */,
			);
			runOnlyForDeploymentPostprocessing = 0;
		};
/* End PBXResourcesBuildPhase section */

/* Begin PBXSourcesBuildPhase section */
		4241A6012B03905D003CE337 /* Sources */ = {
			isa = PBXSourcesBuildPhase;
			buildActionMask = 2147483647;
			files = (
				42DAE1C62B063E2300C9DDAD /* LIstOfChats.swift in Sources */,
				4241A6272B04F098003CE337 /* SettingsModelView.swift in Sources */,
				4241A6252B04F06B003CE337 /* CommunitiesModelView.swift in Sources */,
				42DAE1C82B075AF300C9DDAD /* ChatDetailView.swift in Sources */,
				42DAE1C32B061C9C00C9DDAD /* Chats.swift in Sources */,
				4241A6292B04F8ED003CE337 /* ChatListView.swift in Sources */,
				4241A6092B03905D003CE337 /* WhatsAppCloneApp.swift in Sources */,
				4241A6232B04F042003CE337 /* CallsModelView.swift in Sources */,
				4241A6212B04F01D003CE337 /* UpdatesModelView.swift in Sources */,
			);
			runOnlyForDeploymentPostprocessing = 0;
		};
/* End PBXSourcesBuildPhase section */

/* Begin XCBuildConfiguration section */
		4241A6112B03905E003CE337 /* Debug */ = {
			isa = XCBuildConfiguration;
			buildSettings = {
				ALWAYS_SEARCH_USER_PATHS = NO;
				ASSETCATALOG_COMPILER_GENERATE_SWIFT_ASSET_SYMBOL_EXTENSIONS = YES;
				CLANG_ANALYZER_NONNULL = YES;
				CLANG_ANALYZER_NUMBER_OBJECT_CONVERSION = YES_AGGRESSIVE;
				CLANG_CXX_LANGUAGE_STANDARD = "gnu++20";
				CLANG_ENABLE_MODULES = YES;
				CLANG_ENABLE_OBJC_ARC = YES;
				CLANG_ENABLE_OBJC_WEAK = YES;
				CLANG_WARN_BLOCK_CAPTURE_AUTORELEASING = YES;
				CLANG_WARN_BOOL_CONVERSION = YES;
				CLANG_WARN_COMMA = YES;
				CLANG_WARN_CONSTANT_CONVERSION = YES;
				CLANG_WARN_DEPRECATED_OBJC_IMPLEMENTATIONS = YES;
				CLANG_WARN_DIRECT_OBJC_ISA_USAGE = YES_ERROR;
				CLANG_WARN_DOCUMENTATION_COMMENTS = YES;
				CLANG_WARN_EMPTY_BODY = YES;
				CLANG_WARN_ENUM_CONVERSION = YES;
				CLANG_WARN_INFINITE_RECURSION = YES;
				CLANG_WARN_INT_CONVERSION = YES;
				CLANG_WARN_NON_LITERAL_NULL_CONVERSION = YES;
				CLANG_WARN_OBJC_IMPLICIT_RETAIN_SELF = YES;
				CLANG_WARN_OBJC_LITERAL_CONVERSION = YES;
				CLANG_WARN_OBJC_ROOT_CLASS = YES_ERROR;
				CLANG_WARN_QUOTED_INCLUDE_IN_FRAMEWORK_HEADER = YES;
				CLANG_WARN_RANGE_LOOP_ANALYSIS = YES;
				CLANG_WARN_STRICT_PROTOTYPES = YES;
				CLANG_WARN_SUSPICIOUS_MOVE = YES;
				CLANG_WARN_UNGUARDED_AVAILABILITY = YES_AGGRESSIVE;
				CLANG_WARN_UNREACHABLE_CODE = YES;
				CLANG_WARN__DUPLICATE_METHOD_MATCH = YES;
				COPY_PHASE_STRIP = NO;
				DEBUG_INFORMATION_FORMAT = dwarf;
				ENABLE_STRICT_OBJC_MSGSEND = YES;
				ENABLE_TESTABILITY = YES;
				ENABLE_USER_SCRIPT_SANDBOXING = YES;
				GCC_C_LANGUAGE_STANDARD = gnu17;
				GCC_DYNAMIC_NO_PIC = NO;
				GCC_NO_COMMON_BLOCKS = YES;
				GCC_OPTIMIZATION_LEVEL = 0;
				GCC_PREPROCESSOR_DEFINITIONS = (
					"DEBUG=1",
					"$(inherited)",
				);
				GCC_WARN_64_TO_32_BIT_CONVERSION = YES;
				GCC_WARN_ABOUT_RETURN_TYPE = YES_ERROR;
				GCC_WARN_UNDECLARED_SELECTOR = YES;
				GCC_WARN_UNINITIALIZED_AUTOS = YES_AGGRESSIVE;
				GCC_WARN_UNUSED_FUNCTION = YES;
				GCC_WARN_UNUSED_VARIABLE = YES;
				IPHONEOS_DEPLOYMENT_TARGET = 17.0;
				LOCALIZATION_PREFERS_STRING_CATALOGS = YES;
				MTL_ENABLE_DEBUG_INFO = INCLUDE_SOURCE;
				MTL_FAST_MATH = YES;
				ONLY_ACTIVE_ARCH = YES;
				SDKROOT = iphoneos;
				SWIFT_ACTIVE_COMPILATION_CONDITIONS = "DEBUG $(inherited)";
				SWIFT_OPTIMIZATION_LEVEL = "-Onone";
			};
			name = Debug;
		};
		4241A6122B03905E003CE337 /* Release */ = {
			isa = XCBuildConfiguration;
			buildSettings = {
				ALWAYS_SEARCH_USER_PATHS = NO;
				ASSETCATALOG_COMPILER_GENERATE_SWIFT_ASSET_SYMBOL_EXTENSIONS = YES;
				CLANG_ANALYZER_NONNULL = YES;
				CLANG_ANALYZER_NUMBER_OBJECT_CONVERSION = YES_AGGRESSIVE;
				CLANG_CXX_LANGUAGE_STANDARD = "gnu++20";
				CLANG_ENABLE_MODULES = YES;
				CLANG_ENABLE_OBJC_ARC = YES;
				CLANG_ENABLE_OBJC_WEAK = YES;
				CLANG_WARN_BLOCK_CAPTURE_AUTORELEASING = YES;
				CLANG_WARN_BOOL_CONVERSION = YES;
				CLANG_WARN_COMMA = YES;
				CLANG_WARN_CONSTANT_CONVERSION = YES;
				CLANG_WARN_DEPRECATED_OBJC_IMPLEMENTATIONS = YES;
				CLANG_WARN_DIRECT_OBJC_ISA_USAGE = YES_ERROR;
				CLANG_WARN_DOCUMENTATION_COMMENTS = YES;
				CLANG_WARN_EMPTY_BODY = YES;
				CLANG_WARN_ENUM_CONVERSION = YES;
				CLANG_WARN_INFINITE_RECURSION = YES;
				CLANG_WARN_INT_CONVERSION = YES;
				CLANG_WARN_NON_LITERAL_NULL_CONVERSION = YES;
				CLANG_WARN_OBJC_IMPLICIT_RETAIN_SELF = YES;
				CLANG_WARN_OBJC_LITERAL_CONVERSION = YES;
				CLANG_WARN_OBJC_ROOT_CLASS = YES_ERROR;
				CLANG_WARN_QUOTED_INCLUDE_IN_FRAMEWORK_HEADER = YES;
				CLANG_WARN_RANGE_LOOP_ANALYSIS = YES;
				CLANG_WARN_STRICT_PROTOTYPES = YES;
				CLANG_WARN_SUSPICIOUS_MOVE = YES;
				CLANG_WARN_UNGUARDED_AVAILABILITY = YES_AGGRESSIVE;
				CLANG_WARN_UNREACHABLE_CODE = YES;
				CLANG_WARN__DUPLICATE_METHOD_MATCH = YES;
				COPY_PHASE_STRIP = NO;
				DEBUG_INFORMATION_FORMAT = "dwarf-with-dsym";
				ENABLE_NS_ASSERTIONS = NO;
				ENABLE_STRICT_OBJC_MSGSEND = YES;
				ENABLE_USER_SCRIPT_SANDBOXING = YES;
				GCC_C_LANGUAGE_STANDARD = gnu17;
				GCC_NO_COMMON_BLOCKS = YES;
				GCC_WARN_64_TO_32_BIT_CONVERSION = YES;
				GCC_WARN_ABOUT_RETURN_TYPE = YES_ERROR;
				GCC_WARN_UNDECLARED_SELECTOR = YES;
				GCC_WARN_UNINITIALIZED_AUTOS = YES_AGGRESSIVE;
				GCC_WARN_UNUSED_FUNCTION = YES;
				GCC_WARN_UNUSED_VARIABLE = YES;
				IPHONEOS_DEPLOYMENT_TARGET = 17.0;
				LOCALIZATION_PREFERS_STRING_CATALOGS = YES;
				MTL_ENABLE_DEBUG_INFO = NO;
				MTL_FAST_MATH = YES;
				SDKROOT = iphoneos;
				SWIFT_COMPILATION_MODE = wholemodule;
				VALIDATE_PRODUCT = YES;
			};
			name = Release;
		};
		4241A6142B03905E003CE337 /* Debug */ = {
			isa = XCBuildConfiguration;
			buildSettings = {
				ASSETCATALOG_COMPILER_APPICON_NAME = AppIcon;
				ASSETCATALOG_COMPILER_GLOBAL_ACCENT_COLOR_NAME = AccentColor;
				CODE_SIGN_STYLE = Automatic;
				CURRENT_PROJECT_VERSION = 1;
				DEVELOPMENT_ASSET_PATHS = "\"WhatsAppClone/Preview Content\"";
				DEVELOPMENT_TEAM = QAGBHKWFD8;
				ENABLE_PREVIEWS = YES;
				GENERATE_INFOPLIST_FILE = YES;
				INFOPLIST_KEY_UIApplicationSceneManifest_Generation = YES;
				INFOPLIST_KEY_UIApplicationSupportsIndirectInputEvents = YES;
				INFOPLIST_KEY_UILaunchScreen_Generation = YES;
				INFOPLIST_KEY_UISupportedInterfaceOrientations_iPad = "UIInterfaceOrientationPortrait UIInterfaceOrientationPortraitUpsideDown UIInterfaceOrientationLandscapeLeft UIInterfaceOrientationLandscapeRight";
				INFOPLIST_KEY_UISupportedInterfaceOrientations_iPhone = "UIInterfaceOrientationPortrait UIInterfaceOrientationLandscapeLeft UIInterfaceOrientationLandscapeRight";
				LD_RUNPATH_SEARCH_PATHS = (
					"$(inherited)",
					"@executable_path/Frameworks",
				);
				MARKETING_VERSION = 1.0;
				PRODUCT_BUNDLE_IDENTIFIER = com.fjuarev.WhatsAppClone;
				PRODUCT_NAME = "$(TARGET_NAME)";
				SWIFT_EMIT_LOC_STRINGS = YES;
				SWIFT_VERSION = 5.0;
				TARGETED_DEVICE_FAMILY = "1,2";
			};
			name = Debug;
		};
		4241A6152B03905E003CE337 /* Release */ = {
			isa = XCBuildConfiguration;
			buildSettings = {
				ASSETCATALOG_COMPILER_APPICON_NAME = AppIcon;
				ASSETCATALOG_COMPILER_GLOBAL_ACCENT_COLOR_NAME = AccentColor;
				CODE_SIGN_STYLE = Automatic;
				CURRENT_PROJECT_VERSION = 1;
				DEVELOPMENT_ASSET_PATHS = "\"WhatsAppClone/Preview Content\"";
				DEVELOPMENT_TEAM = QAGBHKWFD8;
				ENABLE_PREVIEWS = YES;
				GENERATE_INFOPLIST_FILE = YES;
				INFOPLIST_KEY_UIApplicationSceneManifest_Generation = YES;
				INFOPLIST_KEY_UIApplicationSupportsIndirectInputEvents = YES;
				INFOPLIST_KEY_UILaunchScreen_Generation = YES;
				INFOPLIST_KEY_UISupportedInterfaceOrientations_iPad = "UIInterfaceOrientationPortrait UIInterfaceOrientationPortraitUpsideDown UIInterfaceOrientationLandscapeLeft UIInterfaceOrientationLandscapeRight";
				INFOPLIST_KEY_UISupportedInterfaceOrientations_iPhone = "UIInterfaceOrientationPortrait UIInterfaceOrientationLandscapeLeft UIInterfaceOrientationLandscapeRight";
				LD_RUNPATH_SEARCH_PATHS = (
					"$(inherited)",
					"@executable_path/Frameworks",
				);
				MARKETING_VERSION = 1.0;
				PRODUCT_BUNDLE_IDENTIFIER = com.fjuarev.WhatsAppClone;
				PRODUCT_NAME = "$(TARGET_NAME)";
				SWIFT_EMIT_LOC_STRINGS = YES;
				SWIFT_VERSION = 5.0;
				TARGETED_DEVICE_FAMILY = "1,2";
			};
			name = Release;
		};
/* End XCBuildConfiguration section */

/* Begin XCConfigurationList section */
		4241A6002B03905D003CE337 /* Build configuration list for PBXProject "WhatsAppClone" */ = {
			isa = XCConfigurationList;
			buildConfigurations = (
				4241A6112B03905E003CE337 /* Debug */,
				4241A6122B03905E003CE337 /* Release */,
			);
			defaultConfigurationIsVisible = 0;
			defaultConfigurationName = Release;
		};
		4241A6132B03905E003CE337 /* Build configuration list for PBXNativeTarget "WhatsAppClone" */ = {
			isa = XCConfigurationList;
			buildConfigurations = (
				4241A6142B03905E003CE337 /* Debug */,
				4241A6152B03905E003CE337 /* Release */,
			);
			defaultConfigurationIsVisible = 0;
			defaultConfigurationName = Release;
		};
/* End XCConfigurationList section */
	};
	rootObject = 4241A5FD2B03905D003CE337 /* Project object */;
}
